uuid: 982ec871-98d7-4ba8-83a0-2486e4b77726
langcode: en
status: true
dependencies:
  content:
    - 'block_content:basic:8bb88cfc-d705-476b-bee4-b02bbf3d6129'
  module:
    - block_content
    - system
  theme:
    - badcamp2017
id: homepagecontentblock
theme: badcamp2017
region: content
weight: -3
provider: null
plugin: 'block_content:8bb88cfc-d705-476b-bee4-b02bbf3d6129'
settings:
  id: 'block_content:8bb88cfc-d705-476b-bee4-b02bbf3d6129'
  label: Dates
  provider: block_content
  label_display: visible
  status: true
  info: ''
  view_mode: full
visibility:
  request_path:
    id: request_path
    pages: '<front>'
    negate: false
    context_mapping: {  }
